
Microsoft Visual Studio Solution File, Format Version 12.00
# Visual Studio 15
Project("{FAE04EC0-301F-11D3-BF4B-00C04F79EFBC}") = "Assembly-CSharp", "Assembly-CSharp.csproj", "{D9B1F76E-777E-B1EE-8D53-4740FD3720B6}"
EndProject
Project("{FAE04EC0-301F-11D3-BF4B-00C04F79EFBC}") = "Assembly-CSharp-firstpass", "Assembly-CSharp-firstpass.csproj", "{90F189CB-9F0D-CE73-6D99-220981504871}"
EndProject
Project("{FAE04EC0-301F-11D3-BF4B-00C04F79EFBC}") = "Assembly-CSharp-Editor", "Assembly-CSharp-Editor.csproj", "{D78E3D08-4E53-CFC0-DD41-03FDFDBE5CFF}"
EndProject
Project("{FAE04EC0-301F-11D3-BF4B-00C04F79EFBC}") = "Assembly-CSharp-Editor-firstpass", "Assembly-CSharp-Editor-firstpass.csproj", "{349F0E4E-E645-57BF-8045-1AD3B37435EB}"
EndProject
Global
	GlobalSection(SolutionConfigurationPlatforms) = preSolution
		Debug|Any CPU = Debug|Any CPU
		Release|Any CPU = Release|Any CPU
	EndGlobalSection
	GlobalSection(ProjectConfigurationPlatforms) = postSolution
		{D9B1F76E-777E-B1EE-8D53-4740FD3720B6}.Debug|Any CPU.ActiveCfg = Debug|Any CPU
		{D9B1F76E-777E-B1EE-8D53-4740FD3720B6}.Debug|Any CPU.Build.0 = Debug|Any CPU
		{D9B1F76E-777E-B1EE-8D53-4740FD3720B6}.Release|Any CPU.ActiveCfg = Release|Any CPU
		{D9B1F76E-777E-B1EE-8D53-4740FD3720B6}.Release|Any CPU.Build.0 = Release|Any CPU
		{90F189CB-9F0D-CE73-6D99-220981504871}.Debug|Any CPU.ActiveCfg = Debug|Any CPU
		{90F189CB-9F0D-CE73-6D99-220981504871}.Debug|Any CPU.Build.0 = Debug|Any CPU
		{90F189CB-9F0D-CE73-6D99-220981504871}.Release|Any CPU.ActiveCfg = Release|Any CPU
		{90F189CB-9F0D-CE73-6D99-220981504871}.Release|Any CPU.Build.0 = Release|Any CPU
		{D78E3D08-4E53-CFC0-DD41-03FDFDBE5CFF}.Debug|Any CPU.ActiveCfg = Debug|Any CPU
		{D78E3D08-4E53-CFC0-DD41-03FDFDBE5CFF}.Debug|Any CPU.Build.0 = Debug|Any CPU
		{D78E3D08-4E53-CFC0-DD41-03FDFDBE5CFF}.Release|Any CPU.ActiveCfg = Release|Any CPU
		{D78E3D08-4E53-CFC0-DD41-03FDFDBE5CFF}.Release|Any CPU.Build.0 = Release|Any CPU
		{349F0E4E-E645-57BF-8045-1AD3B37435EB}.Debug|Any CPU.ActiveCfg = Debug|Any CPU
		{349F0E4E-E645-57BF-8045-1AD3B37435EB}.Debug|Any CPU.Build.0 = Debug|Any CPU
		{349F0E4E-E645-57BF-8045-1AD3B37435EB}.Release|Any CPU.ActiveCfg = Release|Any CPU
		{349F0E4E-E645-57BF-8045-1AD3B37435EB}.Release|Any CPU.Build.0 = Release|Any CPU
	EndGlobalSection
	GlobalSection(SolutionProperties) = preSolution
		HideSolutionNode = FALSE
	EndGlobalSection
EndGlobal
