
Microsoft Visual Studio Solution File, Format Version 12.00
# Visual Studio 15
Project("{FAE04EC0-301F-11D3-BF4B-00C04F79EFBC}") = "Assembly-CSharp-firstpass", "Assembly-CSharp-firstpass.csproj", "{4087FD80-9F8E-4A51-84AE-0434CA2BDD35}"
EndProject
Project("{FAE04EC0-301F-11D3-BF4B-00C04F79EFBC}") = "Assembly-CSharp", "Assembly-CSharp.csproj", "{AD3C9AAD-4696-BB10-2A18-06C6DD8C23F1}"
EndProject
Project("{FAE04EC0-301F-11D3-BF4B-00C04F79EFBC}") = "Assembly-CSharp-Editor-firstpass", "Assembly-CSharp-Editor-firstpass.csproj", "{00E7A97E-FA40-94BE-26B8-97330B945FF6}"
EndProject
Project("{FAE04EC0-301F-11D3-BF4B-00C04F79EFBC}") = "Assembly-CSharp-Editor", "Assembly-CSharp-Editor.csproj", "{3EC42910-7BA9-7D95-0EB5-DAE2177BD59F}"
EndProject
Global
	GlobalSection(SolutionConfigurationPlatforms) = preSolution
		Debug|Any CPU = Debug|Any CPU
		Release|Any CPU = Release|Any CPU
	EndGlobalSection
	GlobalSection(ProjectConfigurationPlatforms) = postSolution
		{4087FD80-9F8E-4A51-84AE-0434CA2BDD35}.Debug|Any CPU.ActiveCfg = Debug|Any CPU
		{4087FD80-9F8E-4A51-84AE-0434CA2BDD35}.Debug|Any CPU.Build.0 = Debug|Any CPU
		{4087FD80-9F8E-4A51-84AE-0434CA2BDD35}.Release|Any CPU.ActiveCfg = Release|Any CPU
		{4087FD80-9F8E-4A51-84AE-0434CA2BDD35}.Release|Any CPU.Build.0 = Release|Any CPU
		{AD3C9AAD-4696-BB10-2A18-06C6DD8C23F1}.Debug|Any CPU.ActiveCfg = Debug|Any CPU
		{AD3C9AAD-4696-BB10-2A18-06C6DD8C23F1}.Debug|Any CPU.Build.0 = Debug|Any CPU
		{AD3C9AAD-4696-BB10-2A18-06C6DD8C23F1}.Release|Any CPU.ActiveCfg = Release|Any CPU
		{AD3C9AAD-4696-BB10-2A18-06C6DD8C23F1}.Release|Any CPU.Build.0 = Release|Any CPU
		{00E7A97E-FA40-94BE-26B8-97330B945FF6}.Debug|Any CPU.ActiveCfg = Debug|Any CPU
		{00E7A97E-FA40-94BE-26B8-97330B945FF6}.Debug|Any CPU.Build.0 = Debug|Any CPU
		{00E7A97E-FA40-94BE-26B8-97330B945FF6}.Release|Any CPU.ActiveCfg = Release|Any CPU
		{00E7A97E-FA40-94BE-26B8-97330B945FF6}.Release|Any CPU.Build.0 = Release|Any CPU
		{3EC42910-7BA9-7D95-0EB5-DAE2177BD59F}.Debug|Any CPU.ActiveCfg = Debug|Any CPU
		{3EC42910-7BA9-7D95-0EB5-DAE2177BD59F}.Debug|Any CPU.Build.0 = Debug|Any CPU
		{3EC42910-7BA9-7D95-0EB5-DAE2177BD59F}.Release|Any CPU.ActiveCfg = Release|Any CPU
		{3EC42910-7BA9-7D95-0EB5-DAE2177BD59F}.Release|Any CPU.Build.0 = Release|Any CPU
	EndGlobalSection
	GlobalSection(SolutionProperties) = preSolution
		HideSolutionNode = FALSE
	EndGlobalSection
EndGlobal
