
Microsoft Visual Studio Solution File, Format Version 12.00
# Visual Studio 15
Project("{FAE04EC0-301F-11D3-BF4B-00C04F79EFBC}") = "Assembly-CSharp-firstpass", "Assembly-CSharp-firstpass.csproj", "{2A2B4F07-AC89-2525-7CB3-0D3B0E046754}"
EndProject
Project("{FAE04EC0-301F-11D3-BF4B-00C04F79EFBC}") = "Assembly-CSharp", "Assembly-CSharp.csproj", "{D6165057-D6D9-E90D-59C1-D5427DB0B62C}"
EndProject
Project("{FAE04EC0-301F-11D3-BF4B-00C04F79EFBC}") = "Assembly-CSharp-Editor-firstpass", "Assembly-CSharp-Editor-firstpass.csproj", "{FF665752-7ACD-F05F-87C0-68BEFA4731A1}"
EndProject
Project("{FAE04EC0-301F-11D3-BF4B-00C04F79EFBC}") = "Assembly-CSharp-Editor", "Assembly-CSharp-Editor.csproj", "{6C5EEFC1-E59E-D385-5592-3EB5894151FB}"
EndProject
Global
	GlobalSection(SolutionConfigurationPlatforms) = preSolution
		Debug|Any CPU = Debug|Any CPU
		Release|Any CPU = Release|Any CPU
	EndGlobalSection
	GlobalSection(ProjectConfigurationPlatforms) = postSolution
		{2A2B4F07-AC89-2525-7CB3-0D3B0E046754}.Debug|Any CPU.ActiveCfg = Debug|Any CPU
		{2A2B4F07-AC89-2525-7CB3-0D3B0E046754}.Debug|Any CPU.Build.0 = Debug|Any CPU
		{2A2B4F07-AC89-2525-7CB3-0D3B0E046754}.Release|Any CPU.ActiveCfg = Release|Any CPU
		{2A2B4F07-AC89-2525-7CB3-0D3B0E046754}.Release|Any CPU.Build.0 = Release|Any CPU
		{D6165057-D6D9-E90D-59C1-D5427DB0B62C}.Debug|Any CPU.ActiveCfg = Debug|Any CPU
		{D6165057-D6D9-E90D-59C1-D5427DB0B62C}.Debug|Any CPU.Build.0 = Debug|Any CPU
		{D6165057-D6D9-E90D-59C1-D5427DB0B62C}.Release|Any CPU.ActiveCfg = Release|Any CPU
		{D6165057-D6D9-E90D-59C1-D5427DB0B62C}.Release|Any CPU.Build.0 = Release|Any CPU
		{FF665752-7ACD-F05F-87C0-68BEFA4731A1}.Debug|Any CPU.ActiveCfg = Debug|Any CPU
		{FF665752-7ACD-F05F-87C0-68BEFA4731A1}.Debug|Any CPU.Build.0 = Debug|Any CPU
		{FF665752-7ACD-F05F-87C0-68BEFA4731A1}.Release|Any CPU.ActiveCfg = Release|Any CPU
		{FF665752-7ACD-F05F-87C0-68BEFA4731A1}.Release|Any CPU.Build.0 = Release|Any CPU
		{6C5EEFC1-E59E-D385-5592-3EB5894151FB}.Debug|Any CPU.ActiveCfg = Debug|Any CPU
		{6C5EEFC1-E59E-D385-5592-3EB5894151FB}.Debug|Any CPU.Build.0 = Debug|Any CPU
		{6C5EEFC1-E59E-D385-5592-3EB5894151FB}.Release|Any CPU.ActiveCfg = Release|Any CPU
		{6C5EEFC1-E59E-D385-5592-3EB5894151FB}.Release|Any CPU.Build.0 = Release|Any CPU
	EndGlobalSection
	GlobalSection(SolutionProperties) = preSolution
		HideSolutionNode = FALSE
	EndGlobalSection
EndGlobal
