
Microsoft Visual Studio Solution File, Format Version 12.00
# Visual Studio 15
Project("{FAE04EC0-301F-11D3-BF4B-00C04F79EFBC}") = "Assembly-CSharp", "Assembly-CSharp.csproj", "{B8A29DA4-38FC-2781-F00F-F79502DB2ABE}"
EndProject
Project("{FAE04EC0-301F-11D3-BF4B-00C04F79EFBC}") = "Assembly-CSharp-firstpass", "Assembly-CSharp-firstpass.csproj", "{361A4C46-6C7E-044D-EFB6-10AF66999DEC}"
EndProject
Project("{FAE04EC0-301F-11D3-BF4B-00C04F79EFBC}") = "Assembly-CSharp-Editor-firstpass", "Assembly-CSharp-Editor-firstpass.csproj", "{C4687215-A47A-10E3-E8AE-B9B56041E2C0}"
EndProject
Project("{FAE04EC0-301F-11D3-BF4B-00C04F79EFBC}") = "Assembly-CSharp-Editor", "Assembly-CSharp-Editor.csproj", "{3B33B5D0-CEF1-2F32-3449-679079559DDB}"
EndProject
Global
	GlobalSection(SolutionConfigurationPlatforms) = preSolution
		Debug|Any CPU = Debug|Any CPU
		Release|Any CPU = Release|Any CPU
	EndGlobalSection
	GlobalSection(ProjectConfigurationPlatforms) = postSolution
		{B8A29DA4-38FC-2781-F00F-F79502DB2ABE}.Debug|Any CPU.ActiveCfg = Debug|Any CPU
		{B8A29DA4-38FC-2781-F00F-F79502DB2ABE}.Debug|Any CPU.Build.0 = Debug|Any CPU
		{B8A29DA4-38FC-2781-F00F-F79502DB2ABE}.Release|Any CPU.ActiveCfg = Release|Any CPU
		{B8A29DA4-38FC-2781-F00F-F79502DB2ABE}.Release|Any CPU.Build.0 = Release|Any CPU
		{361A4C46-6C7E-044D-EFB6-10AF66999DEC}.Debug|Any CPU.ActiveCfg = Debug|Any CPU
		{361A4C46-6C7E-044D-EFB6-10AF66999DEC}.Debug|Any CPU.Build.0 = Debug|Any CPU
		{361A4C46-6C7E-044D-EFB6-10AF66999DEC}.Release|Any CPU.ActiveCfg = Release|Any CPU
		{361A4C46-6C7E-044D-EFB6-10AF66999DEC}.Release|Any CPU.Build.0 = Release|Any CPU
		{C4687215-A47A-10E3-E8AE-B9B56041E2C0}.Debug|Any CPU.ActiveCfg = Debug|Any CPU
		{C4687215-A47A-10E3-E8AE-B9B56041E2C0}.Debug|Any CPU.Build.0 = Debug|Any CPU
		{C4687215-A47A-10E3-E8AE-B9B56041E2C0}.Release|Any CPU.ActiveCfg = Release|Any CPU
		{C4687215-A47A-10E3-E8AE-B9B56041E2C0}.Release|Any CPU.Build.0 = Release|Any CPU
		{3B33B5D0-CEF1-2F32-3449-679079559DDB}.Debug|Any CPU.ActiveCfg = Debug|Any CPU
		{3B33B5D0-CEF1-2F32-3449-679079559DDB}.Debug|Any CPU.Build.0 = Debug|Any CPU
		{3B33B5D0-CEF1-2F32-3449-679079559DDB}.Release|Any CPU.ActiveCfg = Release|Any CPU
		{3B33B5D0-CEF1-2F32-3449-679079559DDB}.Release|Any CPU.Build.0 = Release|Any CPU
	EndGlobalSection
	GlobalSection(SolutionProperties) = preSolution
		HideSolutionNode = FALSE
	EndGlobalSection
EndGlobal
